// !$*UTF8*$!
{
	archiveVersion = 1;
	classes = {
	};
	objectVersion = 55;
	objects = {

/* Begin PBXBuildFile section */
		5B0CD1622772D5140061C06B /* ScrumsView.swift in Sources */ = {isa = PBXBuildFile; fileRef = 5B0CD1612772D5140061C06B /* ScrumsView.swift */; };
		5B0CD16427736E200061C06B /* DetailView.swift in Sources */ = {isa = PBXBuildFile; fileRef = 5B0CD16327736E200061C06B /* DetailView.swift */; };
		5B544D4F2767DF9900DA5818 /* Theme.swift in Sources */ = {isa = PBXBuildFile; fileRef = 5B544D4E2767DF9900DA5818 /* Theme.swift */; };
		5B544D512767E18B00DA5818 /* DailyScrum.swift in Sources */ = {isa = PBXBuildFile; fileRef = 5B544D502767E18B00DA5818 /* DailyScrum.swift */; };
		5B544D532767E31E00DA5818 /* CardView.swift in Sources */ = {isa = PBXBuildFile; fileRef = 5B544D522767E31E00DA5818 /* CardView.swift */; };
		5BB3E0C227686A0600E8A73D /* TrailingIconLabelStyle.swift in Sources */ = {isa = PBXBuildFile; fileRef = 5BB3E0C127686A0600E8A73D /* TrailingIconLabelStyle.swift */; };
		5BD1E78F275D9AEE0094FD93 /* ScrumdingerAppApp.swift in Sources */ = {isa = PBXBuildFile; fileRef = 5BD1E78E275D9AEE0094FD93 /* ScrumdingerAppApp.swift */; };
		5BD1E791275D9AEE0094FD93 /* MeetingView.swift in Sources */ = {isa = PBXBuildFile; fileRef = 5BD1E790275D9AEE0094FD93 /* MeetingView.swift */; };
		5BD1E793275D9AF00094FD93 /* Assets.xcassets in Resources */ = {isa = PBXBuildFile; fileRef = 5BD1E792275D9AF00094FD93 /* Assets.xcassets */; };
		5BD1E796275D9AF00094FD93 /* Preview Assets.xcassets in Resources */ = {isa = PBXBuildFile; fileRef = 5BD1E795275D9AF00094FD93 /* Preview Assets.xcassets */; };
		5BD1E7A0275D9AF10094FD93 /* ScrumdingerAppTests.swift in Sources */ = {isa = PBXBuildFile; fileRef = 5BD1E79F275D9AF10094FD93 /* ScrumdingerAppTests.swift */; };
		5BD1E7AA275D9AF10094FD93 /* ScrumdingerAppUITests.swift in Sources */ = {isa = PBXBuildFile; fileRef = 5BD1E7A9275D9AF10094FD93 /* ScrumdingerAppUITests.swift */; };
		5BD1E7AC275D9AF10094FD93 /* ScrumdingerAppUITestsLaunchTests.swift in Sources */ = {isa = PBXBuildFile; fileRef = 5BD1E7AB275D9AF10094FD93 /* ScrumdingerAppUITestsLaunchTests.swift */; };
		5BEC32E7277CF74300B87B7B /* DetailEditView.swift in Sources */ = {isa = PBXBuildFile; fileRef = 5BEC32E6277CF74300B87B7B /* DetailEditView.swift */; };
		5BEC32E9277F34EE00B87B7B /* ThemeView.swift in Sources */ = {isa = PBXBuildFile; fileRef = 5BEC32E8277F34EE00B87B7B /* ThemeView.swift */; };
/* End PBXBuildFile section */

/* Begin PBXContainerItemProxy section */
		5BD1E79C275D9AF10094FD93 /* PBXContainerItemProxy */ = {
			isa = PBXContainerItemProxy;
			containerPortal = 5BD1E783275D9AEE0094FD93 /* Project object */;
			proxyType = 1;
			remoteGlobalIDString = 5BD1E78A275D9AEE0094FD93;
			remoteInfo = ScrumdingerApp;
		};
		5BD1E7A6275D9AF10094FD93 /* PBXContainerItemProxy */ = {
			isa = PBXContainerItemProxy;
			containerPortal = 5BD1E783275D9AEE0094FD93 /* Project object */;
			proxyType = 1;
			remoteGlobalIDString = 5BD1E78A275D9AEE0094FD93;
			remoteInfo = ScrumdingerApp;
		};
/* End PBXContainerItemProxy section */

/* Begin PBXFileReference section */
		5B0CD1612772D5140061C06B /* ScrumsView.swift */ = {isa = PBXFileReference; lastKnownFileType = sourcecode.swift; path = ScrumsView.swift; sourceTree = "<group>"; };
		5B0CD16327736E200061C06B /* DetailView.swift */ = {isa = PBXFileReference; lastKnownFileType = sourcecode.swift; path = DetailView.swift; sourceTree = "<group>"; };
		5B544D4E2767DF9900DA5818 /* Theme.swift */ = {isa = PBXFileReference; lastKnownFileType = sourcecode.swift; path = Theme.swift; sourceTree = "<group>"; };
		5B544D502767E18B00DA5818 /* DailyScrum.swift */ = {isa = PBXFileReference; lastKnownFileType = sourcecode.swift; path = DailyScrum.swift; sourceTree = "<group>"; };
		5B544D522767E31E00DA5818 /* CardView.swift */ = {isa = PBXFileReference; lastKnownFileType = sourcecode.swift; path = CardView.swift; sourceTree = "<group>"; };
		5BB3E0C127686A0600E8A73D /* TrailingIconLabelStyle.swift */ = {isa = PBXFileReference; lastKnownFileType = sourcecode.swift; path = TrailingIconLabelStyle.swift; sourceTree = "<group>"; };
		5BD1E78B275D9AEE0094FD93 /* ScrumdingerApp.app */ = {isa = PBXFileReference; explicitFileType = wrapper.application; includeInIndex = 0; path = ScrumdingerApp.app; sourceTree = BUILT_PRODUCTS_DIR; };
		5BD1E78E275D9AEE0094FD93 /* ScrumdingerAppApp.swift */ = {isa = PBXFileReference; lastKnownFileType = sourcecode.swift; path = ScrumdingerAppApp.swift; sourceTree = "<group>"; };
		5BD1E790275D9AEE0094FD93 /* MeetingView.swift */ = {isa = PBXFileReference; lastKnownFileType = sourcecode.swift; path = MeetingView.swift; sourceTree = "<group>"; };
		5BD1E792275D9AF00094FD93 /* Assets.xcassets */ = {isa = PBXFileReference; lastKnownFileType = folder.assetcatalog; path = Assets.xcassets; sourceTree = "<group>"; };
		5BD1E795275D9AF00094FD93 /* Preview Assets.xcassets */ = {isa = PBXFileReference; lastKnownFileType = folder.assetcatalog; path = "Preview Assets.xcassets"; sourceTree = "<group>"; };
		5BD1E79B275D9AF10094FD93 /* ScrumdingerAppTests.xctest */ = {isa = PBXFileReference; explicitFileType = wrapper.cfbundle; includeInIndex = 0; path = ScrumdingerAppTests.xctest; sourceTree = BUILT_PRODUCTS_DIR; };
		5BD1E79F275D9AF10094FD93 /* ScrumdingerAppTests.swift */ = {isa = PBXFileReference; lastKnownFileType = sourcecode.swift; path = ScrumdingerAppTests.swift; sourceTree = "<group>"; };
		5BD1E7A5275D9AF10094FD93 /* ScrumdingerAppUITests.xctest */ = {isa = PBXFileReference; explicitFileType = wrapper.cfbundle; includeInIndex = 0; path = ScrumdingerAppUITests.xctest; sourceTree = BUILT_PRODUCTS_DIR; };
		5BD1E7A9275D9AF10094FD93 /* ScrumdingerAppUITests.swift */ = {isa = PBXFileReference; lastKnownFileType = sourcecode.swift; path = ScrumdingerAppUITests.swift; sourceTree = "<group>"; };
		5BD1E7AB275D9AF10094FD93 /* ScrumdingerAppUITestsLaunchTests.swift */ = {isa = PBXFileReference; lastKnownFileType = sourcecode.swift; path = ScrumdingerAppUITestsLaunchTests.swift; sourceTree = "<group>"; };
		5BEC32E6277CF74300B87B7B /* DetailEditView.swift */ = {isa = PBXFileReference; lastKnownFileType = sourcecode.swift; path = DetailEditView.swift; sourceTree = "<group>"; };
		5BEC32E8277F34EE00B87B7B /* ThemeView.swift */ = {isa = PBXFileReference; lastKnownFileType = sourcecode.swift; path = ThemeView.swift; sourceTree = "<group>"; };
/* End PBXFileReference section */

/* Begin PBXFrameworksBuildPhase section */
		5BD1E788275D9AEE0094FD93 /* Frameworks */ = {
			isa = PBXFrameworksBuildPhase;
			buildActionMask = 2147483647;
			files = (
			);
			runOnlyForDeploymentPostprocessing = 0;
		};
		5BD1E798275D9AF10094FD93 /* Frameworks */ = {
			isa = PBXFrameworksBuildPhase;
			buildActionMask = 2147483647;
			files = (
			);
			runOnlyForDeploymentPostprocessing = 0;
		};
		5BD1E7A2275D9AF10094FD93 /* Frameworks */ = {
			isa = PBXFrameworksBuildPhase;
			buildActionMask = 2147483647;
			files = (
			);
			runOnlyForDeploymentPostprocessing = 0;
		};
/* End PBXFrameworksBuildPhase section */

/* Begin PBXGroup section */
		5B544D4D2767DF5F00DA5818 /* Models */ = {
			isa = PBXGroup;
			children = (
				5B544D4E2767DF9900DA5818 /* Theme.swift */,
				5B544D502767E18B00DA5818 /* DailyScrum.swift */,
				5B544D522767E31E00DA5818 /* CardView.swift */,
				5BB3E0C127686A0600E8A73D /* TrailingIconLabelStyle.swift */,
			);
			path = Models;
			sourceTree = "<group>";
		};
		5BD1E782275D9AEE0094FD93 = {
			isa = PBXGroup;
			children = (
				5BD1E78D275D9AEE0094FD93 /* ScrumdingerApp */,
				5BD1E79E275D9AF10094FD93 /* ScrumdingerAppTests */,
				5BD1E7A8275D9AF10094FD93 /* ScrumdingerAppUITests */,
				5BD1E78C275D9AEE0094FD93 /* Products */,
			);
			sourceTree = "<group>";
		};
		5BD1E78C275D9AEE0094FD93 /* Products */ = {
			isa = PBXGroup;
			children = (
				5BD1E78B275D9AEE0094FD93 /* ScrumdingerApp.app */,
				5BD1E79B275D9AF10094FD93 /* ScrumdingerAppTests.xctest */,
				5BD1E7A5275D9AF10094FD93 /* ScrumdingerAppUITests.xctest */,
			);
			name = Products;
			sourceTree = "<group>";
		};
		5BD1E78D275D9AEE0094FD93 /* ScrumdingerApp */ = {
			isa = PBXGroup;
			children = (
				5B0CD1612772D5140061C06B /* ScrumsView.swift */,
				5B0CD16327736E200061C06B /* DetailView.swift */,
				5BEC32E8277F34EE00B87B7B /* ThemeView.swift */,
				5BD1E78E275D9AEE0094FD93 /* ScrumdingerAppApp.swift */,
				5BD1E790275D9AEE0094FD93 /* MeetingView.swift */,
				5B544D4D2767DF5F00DA5818 /* Models */,
				5BD1E792275D9AF00094FD93 /* Assets.xcassets */,
				5BD1E794275D9AF00094FD93 /* Preview Content */,
				5BEC32E6277CF74300B87B7B /* DetailEditView.swift */,
			);
			path = ScrumdingerApp;
			sourceTree = "<group>";
		};
		5BD1E794275D9AF00094FD93 /* Preview Content */ = {
			isa = PBXGroup;
			children = (
				5BD1E795275D9AF00094FD93 /* Preview Assets.xcassets */,
			);
			path = "Preview Content";
			sourceTree = "<group>";
		};
		5BD1E79E275D9AF10094FD93 /* ScrumdingerAppTests */ = {
			isa = PBXGroup;
			children = (
				5BD1E79F275D9AF10094FD93 /* ScrumdingerAppTests.swift */,
			);
			path = ScrumdingerAppTests;
			sourceTree = "<group>";
		};
		5BD1E7A8275D9AF10094FD93 /* ScrumdingerAppUITests */ = {
			isa = PBXGroup;
			children = (
				5BD1E7A9275D9AF10094FD93 /* ScrumdingerAppUITests.swift */,
				5BD1E7AB275D9AF10094FD93 /* ScrumdingerAppUITestsLaunchTests.swift */,
			);
			path = ScrumdingerAppUITests;
			sourceTree = "<group>";
		};
/* End PBXGroup section */

/* Begin PBXNativeTarget section */
		5BD1E78A275D9AEE0094FD93 /* ScrumdingerApp */ = {
			isa = PBXNativeTarget;
			buildConfigurationList = 5BD1E7AF275D9AF10094FD93 /* Build configuration list for PBXNativeTarget "ScrumdingerApp" */;
			buildPhases = (
				5BD1E787275D9AEE0094FD93 /* Sources */,
				5BD1E788275D9AEE0094FD93 /* Frameworks */,
				5BD1E789275D9AEE0094FD93 /* Resources */,
			);
			buildRules = (
			);
			dependencies = (
			);
			name = ScrumdingerApp;
			productName = ScrumdingerApp;
			productReference = 5BD1E78B275D9AEE0094FD93 /* ScrumdingerApp.app */;
			productType = "com.apple.product-type.application";
		};
		5BD1E79A275D9AF10094FD93 /* ScrumdingerAppTests */ = {
			isa = PBXNativeTarget;
			buildConfigurationList = 5BD1E7B2275D9AF10094FD93 /* Build configuration list for PBXNativeTarget "ScrumdingerAppTests" */;
			buildPhases = (
				5BD1E797275D9AF10094FD93 /* Sources */,
				5BD1E798275D9AF10094FD93 /* Frameworks */,
				5BD1E799275D9AF10094FD93 /* Resources */,
			);
			buildRules = (
			);
			dependencies = (
				5BD1E79D275D9AF10094FD93 /* PBXTargetDependency */,
			);
			name = ScrumdingerAppTests;
			productName = ScrumdingerAppTests;
			productReference = 5BD1E79B275D9AF10094FD93 /* ScrumdingerAppTests.xctest */;
			productType = "com.apple.product-type.bundle.unit-test";
		};
		5BD1E7A4275D9AF10094FD93 /* ScrumdingerAppUITests */ = {
			isa = PBXNativeTarget;
			buildConfigurationList = 5BD1E7B5275D9AF10094FD93 /* Build configuration list for PBXNativeTarget "ScrumdingerAppUITests" */;
			buildPhases = (
				5BD1E7A1275D9AF10094FD93 /* Sources */,
				5BD1E7A2275D9AF10094FD93 /* Frameworks */,
				5BD1E7A3275D9AF10094FD93 /* Resources */,
			);
			buildRules = (
			);
			dependencies = (
				5BD1E7A7275D9AF10094FD93 /* PBXTargetDependency */,
			);
			name = ScrumdingerAppUITests;
			productName = ScrumdingerAppUITests;
			productReference = 5BD1E7A5275D9AF10094FD93 /* ScrumdingerAppUITests.xctest */;
			productType = "com.apple.product-type.bundle.ui-testing";
		};
/* End PBXNativeTarget section */

/* Begin PBXProject section */
		5BD1E783275D9AEE0094FD93 /* Project object */ = {
			isa = PBXProject;
			attributes = {
				BuildIndependentTargetsInParallel = 1;
				LastSwiftUpdateCheck = 1310;
				LastUpgradeCheck = 1310;
				TargetAttributes = {
					5BD1E78A275D9AEE0094FD93 = {
						CreatedOnToolsVersion = 13.1;
					};
					5BD1E79A275D9AF10094FD93 = {
						CreatedOnToolsVersion = 13.1;
						TestTargetID = 5BD1E78A275D9AEE0094FD93;
					};
					5BD1E7A4275D9AF10094FD93 = {
						CreatedOnToolsVersion = 13.1;
						TestTargetID = 5BD1E78A275D9AEE0094FD93;
					};
				};
			};
			buildConfigurationList = 5BD1E786275D9AEE0094FD93 /* Build configuration list for PBXProject "ScrumdingerApp" */;
			compatibilityVersion = "Xcode 13.0";
			developmentRegion = en;
			hasScannedForEncodings = 0;
			knownRegions = (
				en,
				Base,
			);
			mainGroup = 5BD1E782275D9AEE0094FD93;
			productRefGroup = 5BD1E78C275D9AEE0094FD93 /* Products */;
			projectDirPath = "";
			projectRoot = "";
			targets = (
				5BD1E78A275D9AEE0094FD93 /* ScrumdingerApp */,
				5BD1E79A275D9AF10094FD93 /* ScrumdingerAppTests */,
				5BD1E7A4275D9AF10094FD93 /* ScrumdingerAppUITests */,
			);
		};
/* End PBXProject section */

/* Begin PBXResourcesBuildPhase section */
		5BD1E789275D9AEE0094FD93 /* Resources */ = {
			isa = PBXResourcesBuildPhase;
			buildActionMask = 2147483647;
			files = (
				5BD1E796275D9AF00094FD93 /* Preview Assets.xcassets in Resources */,
				5BD1E793275D9AF00094FD93 /* Assets.xcassets in Resources */,
			);
			runOnlyForDeploymentPostprocessing = 0;
		};
		5BD1E799275D9AF10094FD93 /* Resources */ = {
			isa = PBXResourcesBuildPhase;
			buildActionMask = 2147483647;
			files = (
			);
			runOnlyForDeploymentPostprocessing = 0;
		};
		5BD1E7A3275D9AF10094FD93 /* Resources */ = {
			isa = PBXResourcesBuildPhase;
			buildActionMask = 2147483647;
			files = (
			);
			runOnlyForDeploymentPostprocessing = 0;
		};
/* End PBXResourcesBuildPhase section */

/* Begin PBXSourcesBuildPhase section */
		5BD1E787275D9AEE0094FD93 /* Sources */ = {
			isa = PBXSourcesBuildPhase;
			buildActionMask = 2147483647;
			files = (
				5B544D512767E18B00DA5818 /* DailyScrum.swift in Sources */,
				5B0CD16427736E200061C06B /* DetailView.swift in Sources */,
				5BEC32E7277CF74300B87B7B /* DetailEditView.swift in Sources */,
				5BB3E0C227686A0600E8A73D /* TrailingIconLabelStyle.swift in Sources */,
				5BD1E791275D9AEE0094FD93 /* MeetingView.swift in Sources */,
				5B0CD1622772D5140061C06B /* ScrumsView.swift in Sources */,
				5B544D4F2767DF9900DA5818 /* Theme.swift in Sources */,
				5BD1E78F275D9AEE0094FD93 /* ScrumdingerAppApp.swift in Sources */,
				5BEC32E9277F34EE00B87B7B /* ThemeView.swift in Sources */,
				5B544D532767E31E00DA5818 /* CardView.swift in Sources */,
			);
			runOnlyForDeploymentPostprocessing = 0;
		};
		5BD1E797275D9AF10094FD93 /* Sources */ = {
			isa = PBXSourcesBuildPhase;
			buildActionMask = 2147483647;
			files = (
				5BD1E7A0275D9AF10094FD93 /* ScrumdingerAppTests.swift in Sources */,
			);
			runOnlyForDeploymentPostprocessing = 0;
		};
		5BD1E7A1275D9AF10094FD93 /* Sources */ = {
			isa = PBXSourcesBuildPhase;
			buildActionMask = 2147483647;
			files = (
				5BD1E7AC275D9AF10094FD93 /* ScrumdingerAppUITestsLaunchTests.swift in Sources */,
				5BD1E7AA275D9AF10094FD93 /* ScrumdingerAppUITests.swift in Sources */,
			);
			runOnlyForDeploymentPostprocessing = 0;
		};
/* End PBXSourcesBuildPhase section */

/* Begin PBXTargetDependency section */
		5BD1E79D275D9AF10094FD93 /* PBXTargetDependency */ = {
			isa = PBXTargetDependency;
			target = 5BD1E78A275D9AEE0094FD93 /* ScrumdingerApp */;
			targetProxy = 5BD1E79C275D9AF10094FD93 /* PBXContainerItemProxy */;
		};
		5BD1E7A7275D9AF10094FD93 /* PBXTargetDependency */ = {
			isa = PBXTargetDependency;
			target = 5BD1E78A275D9AEE0094FD93 /* ScrumdingerApp */;
			targetProxy = 5BD1E7A6275D9AF10094FD93 /* PBXContainerItemProxy */;
		};
/* End PBXTargetDependency section */

/* Begin XCBuildConfiguration section */
		5BD1E7AD275D9AF10094FD93 /* Debug */ = {
			isa = XCBuildConfiguration;
			buildSettings = {
				ALWAYS_SEARCH_USER_PATHS = NO;
				CLANG_ANALYZER_NONNULL = YES;
				CLANG_ANALYZER_NUMBER_OBJECT_CONVERSION = YES_AGGRESSIVE;
				CLANG_CXX_LANGUAGE_STANDARD = "gnu++17";
				CLANG_CXX_LIBRARY = "libc++";
				CLANG_ENABLE_MODULES = YES;
				CLANG_ENABLE_OBJC_ARC = YES;
				CLANG_ENABLE_OBJC_WEAK = YES;
				CLANG_WARN_BLOCK_CAPTURE_AUTORELEASING = YES;
				CLANG_WARN_BOOL_CONVERSION = YES;
				CLANG_WARN_COMMA = YES;
				CLANG_WARN_CONSTANT_CONVERSION = YES;
				CLANG_WARN_DEPRECATED_OBJC_IMPLEMENTATIONS = YES;
				CLANG_WARN_DIRECT_OBJC_ISA_USAGE = YES_ERROR;
				CLANG_WARN_DOCUMENTATION_COMMENTS = YES;
				CLANG_WARN_EMPTY_BODY = YES;
				CLANG_WARN_ENUM_CONVERSION = YES;
				CLANG_WARN_INFINITE_RECURSION = YES;
				CLANG_WARN_INT_CONVERSION = YES;
				CLANG_WARN_NON_LITERAL_NULL_CONVERSION = YES;
				CLANG_WARN_OBJC_IMPLICIT_RETAIN_SELF = YES;
				CLANG_WARN_OBJC_LITERAL_CONVERSION = YES;
				CLANG_WARN_OBJC_ROOT_CLASS = YES_ERROR;
				CLANG_WARN_QUOTED_INCLUDE_IN_FRAMEWORK_HEADER = YES;
				CLANG_WARN_RANGE_LOOP_ANALYSIS = YES;
				CLANG_WARN_STRICT_PROTOTYPES = YES;
				CLANG_WARN_SUSPICIOUS_MOVE = YES;
				CLANG_WARN_UNGUARDED_AVAILABILITY = YES_AGGRESSIVE;
				CLANG_WARN_UNREACHABLE_CODE = YES;
				CLANG_WARN__DUPLICATE_METHOD_MATCH = YES;
				COPY_PHASE_STRIP = NO;
				DEBUG_INFORMATION_FORMAT = dwarf;
				ENABLE_STRICT_OBJC_MSGSEND = YES;
				ENABLE_TESTABILITY = YES;
				GCC_C_LANGUAGE_STANDARD = gnu11;
				GCC_DYNAMIC_NO_PIC = NO;
				GCC_NO_COMMON_BLOCKS = YES;
				GCC_OPTIMIZATION_LEVEL = 0;
				GCC_PREPROCESSOR_DEFINITIONS = (
					"DEBUG=1",
					"$(inherited)",
				);
				GCC_WARN_64_TO_32_BIT_CONVERSION = YES;
				GCC_WARN_ABOUT_RETURN_TYPE = YES_ERROR;
				GCC_WARN_UNDECLARED_SELECTOR = YES;
				GCC_WARN_UNINITIALIZED_AUTOS = YES_AGGRESSIVE;
				GCC_WARN_UNUSED_FUNCTION = YES;
				GCC_WARN_UNUSED_VARIABLE = YES;
				IPHONEOS_DEPLOYMENT_TARGET = 15.0;
				MTL_ENABLE_DEBUG_INFO = INCLUDE_SOURCE;
				MTL_FAST_MATH = YES;
				ONLY_ACTIVE_ARCH = YES;
				SDKROOT = iphoneos;
				SWIFT_ACTIVE_COMPILATION_CONDITIONS = DEBUG;
				SWIFT_OPTIMIZATION_LEVEL = "-Onone";
			};
			name = Debug;
		};
		5BD1E7AE275D9AF10094FD93 /* Release */ = {
			isa = XCBuildConfiguration;
			buildSettings = {
				ALWAYS_SEARCH_USER_PATHS = NO;
				CLANG_ANALYZER_NONNULL = YES;
				CLANG_ANALYZER_NUMBER_OBJECT_CONVERSION = YES_AGGRESSIVE;
				CLANG_CXX_LANGUAGE_STANDARD = "gnu++17";
				CLANG_CXX_LIBRARY = "libc++";
				CLANG_ENABLE_MODULES = YES;
				CLANG_ENABLE_OBJC_ARC = YES;
				CLANG_ENABLE_OBJC_WEAK = YES;
				CLANG_WARN_BLOCK_CAPTURE_AUTORELEASING = YES;
				CLANG_WARN_BOOL_CONVERSION = YES;
				CLANG_WARN_COMMA = YES;
				CLANG_WARN_CONSTANT_CONVERSION = YES;
				CLANG_WARN_DEPRECATED_OBJC_IMPLEMENTATIONS = YES;
				CLANG_WARN_DIRECT_OBJC_ISA_USAGE = YES_ERROR;
				CLANG_WARN_DOCUMENTATION_COMMENTS = YES;
				CLANG_WARN_EMPTY_BODY = YES;
				CLANG_WARN_ENUM_CONVERSION = YES;
				CLANG_WARN_INFINITE_RECURSION = YES;
				CLANG_WARN_INT_CONVERSION = YES;
				CLANG_WARN_NON_LITERAL_NULL_CONVERSION = YES;
				CLANG_WARN_OBJC_IMPLICIT_RETAIN_SELF = YES;
				CLANG_WARN_OBJC_LITERAL_CONVERSION = YES;
				CLANG_WARN_OBJC_ROOT_CLASS = YES_ERROR;
				CLANG_WARN_QUOTED_INCLUDE_IN_FRAMEWORK_HEADER = YES;
				CLANG_WARN_RANGE_LOOP_ANALYSIS = YES;
				CLANG_WARN_STRICT_PROTOTYPES = YES;
				CLANG_WARN_SUSPICIOUS_MOVE = YES;
				CLANG_WARN_UNGUARDED_AVAILABILITY = YES_AGGRESSIVE;
				CLANG_WARN_UNREACHABLE_CODE = YES;
				CLANG_WARN__DUPLICATE_METHOD_MATCH = YES;
				COPY_PHASE_STRIP = NO;
				DEBUG_INFORMATION_FORMAT = "dwarf-with-dsym";
				ENABLE_NS_ASSERTIONS = NO;
				ENABLE_STRICT_OBJC_MSGSEND = YES;
				GCC_C_LANGUAGE_STANDARD = gnu11;
				GCC_NO_COMMON_BLOCKS = YES;
				GCC_WARN_64_TO_32_BIT_CONVERSION = YES;
				GCC_WARN_ABOUT_RETURN_TYPE = YES_ERROR;
				GCC_WARN_UNDECLARED_SELECTOR = YES;
				GCC_WARN_UNINITIALIZED_AUTOS = YES_AGGRESSIVE;
				GCC_WARN_UNUSED_FUNCTION = YES;
				GCC_WARN_UNUSED_VARIABLE = YES;
				IPHONEOS_DEPLOYMENT_TARGET = 15.0;
				MTL_ENABLE_DEBUG_INFO = NO;
				MTL_FAST_MATH = YES;
				SDKROOT = iphoneos;
				SWIFT_COMPILATION_MODE = wholemodule;
				SWIFT_OPTIMIZATION_LEVEL = "-O";
				VALIDATE_PRODUCT = YES;
			};
			name = Release;
		};
		5BD1E7B0275D9AF10094FD93 /* Debug */ = {
			isa = XCBuildConfiguration;
			buildSettings = {
				ASSETCATALOG_COMPILER_APPICON_NAME = AppIcon;
				ASSETCATALOG_COMPILER_GLOBAL_ACCENT_COLOR_NAME = AccentColor;
				CODE_SIGN_STYLE = Automatic;
				CURRENT_PROJECT_VERSION = 1;
				DEVELOPMENT_ASSET_PATHS = "\"ScrumdingerApp/Preview Content\"";
				DEVELOPMENT_TEAM = ZZ53XK29P9;
				ENABLE_PREVIEWS = YES;
				GENERATE_INFOPLIST_FILE = YES;
				INFOPLIST_KEY_UIApplicationSceneManifest_Generation = YES;
				INFOPLIST_KEY_UIApplicationSupportsIndirectInputEvents = YES;
				INFOPLIST_KEY_UILaunchScreen_Generation = YES;
				INFOPLIST_KEY_UISupportedInterfaceOrientations_iPad = "UIInterfaceOrientationPortrait UIInterfaceOrientationPortraitUpsideDown UIInterfaceOrientationLandscapeLeft UIInterfaceOrientationLandscapeRight";
				INFOPLIST_KEY_UISupportedInterfaceOrientations_iPhone = "UIInterfaceOrientationPortrait UIInterfaceOrientationLandscapeLeft UIInterfaceOrientationLandscapeRight";
				LD_RUNPATH_SEARCH_PATHS = (
					"$(inherited)",
					"@executable_path/Frameworks",
				);
				MARKETING_VERSION = 1.0;
				PRODUCT_BUNDLE_IDENTIFIER = com.example.ScrumdingerApp;
				PRODUCT_NAME = "$(TARGET_NAME)";
				SWIFT_EMIT_LOC_STRINGS = YES;
				SWIFT_VERSION = 5.0;
				TARGETED_DEVICE_FAMILY = "1,2";
			};
			name = Debug;
		};
		5BD1E7B1275D9AF10094FD93 /* Release */ = {
			isa = XCBuildConfiguration;
			buildSettings = {
				ASSETCATALOG_COMPILER_APPICON_NAME = AppIcon;
				ASSETCATALOG_COMPILER_GLOBAL_ACCENT_COLOR_NAME = AccentColor;
				CODE_SIGN_STYLE = Automatic;
				CURRENT_PROJECT_VERSION = 1;
				DEVELOPMENT_ASSET_PATHS = "\"ScrumdingerApp/Preview Content\"";
				DEVELOPMENT_TEAM = ZZ53XK29P9;
				ENABLE_PREVIEWS = YES;
				GENERATE_INFOPLIST_FILE = YES;
				INFOPLIST_KEY_UIApplicationSceneManifest_Generation = YES;
				INFOPLIST_KEY_UIApplicationSupportsIndirectInputEvents = YES;
				INFOPLIST_KEY_UILaunchScreen_Generation = YES;
				INFOPLIST_KEY_UISupportedInterfaceOrientations_iPad = "UIInterfaceOrientationPortrait UIInterfaceOrientationPortraitUpsideDown UIInterfaceOrientationLandscapeLeft UIInterfaceOrientationLandscapeRight";
				INFOPLIST_KEY_UISupportedInterfaceOrientations_iPhone = "UIInterfaceOrientationPortrait UIInterfaceOrientationLandscapeLeft UIInterfaceOrientationLandscapeRight";
				LD_RUNPATH_SEARCH_PATHS = (
					"$(inherited)",
					"@executable_path/Frameworks",
				);
				MARKETING_VERSION = 1.0;
				PRODUCT_BUNDLE_IDENTIFIER = com.example.ScrumdingerApp;
				PRODUCT_NAME = "$(TARGET_NAME)";
				SWIFT_EMIT_LOC_STRINGS = YES;
				SWIFT_VERSION = 5.0;
				TARGETED_DEVICE_FAMILY = "1,2";
			};
			name = Release;
		};
		5BD1E7B3275D9AF10094FD93 /* Debug */ = {
			isa = XCBuildConfiguration;
			buildSettings = {
				ALWAYS_EMBED_SWIFT_STANDARD_LIBRARIES = YES;
				BUNDLE_LOADER = "$(TEST_HOST)";
				CODE_SIGN_STYLE = Automatic;
				CURRENT_PROJECT_VERSION = 1;
				GENERATE_INFOPLIST_FILE = YES;
				IPHONEOS_DEPLOYMENT_TARGET = 15.0;
				LD_RUNPATH_SEARCH_PATHS = (
					"$(inherited)",
					"@executable_path/Frameworks",
					"@loader_path/Frameworks",
				);
				MARKETING_VERSION = 1.0;
				PRODUCT_BUNDLE_IDENTIFIER = com.example.ScrumdingerAppTests;
				PRODUCT_NAME = "$(TARGET_NAME)";
				SWIFT_EMIT_LOC_STRINGS = NO;
				SWIFT_VERSION = 5.0;
				TARGETED_DEVICE_FAMILY = "1,2";
				TEST_HOST = "$(BUILT_PRODUCTS_DIR)/ScrumdingerApp.app/ScrumdingerApp";
			};
			name = Debug;
		};
		5BD1E7B4275D9AF10094FD93 /* Release */ = {
			isa = XCBuildConfiguration;
			buildSettings = {
				ALWAYS_EMBED_SWIFT_STANDARD_LIBRARIES = YES;
				BUNDLE_LOADER = "$(TEST_HOST)";
				CODE_SIGN_STYLE = Automatic;
				CURRENT_PROJECT_VERSION = 1;
				GENERATE_INFOPLIST_FILE = YES;
				IPHONEOS_DEPLOYMENT_TARGET = 15.0;
				LD_RUNPATH_SEARCH_PATHS = (
					"$(inherited)",
					"@executable_path/Frameworks",
					"@loader_path/Frameworks",
				);
				MARKETING_VERSION = 1.0;
				PRODUCT_BUNDLE_IDENTIFIER = com.example.ScrumdingerAppTests;
				PRODUCT_NAME = "$(TARGET_NAME)";
				SWIFT_EMIT_LOC_STRINGS = NO;
				SWIFT_VERSION = 5.0;
				TARGETED_DEVICE_FAMILY = "1,2";
				TEST_HOST = "$(BUILT_PRODUCTS_DIR)/ScrumdingerApp.app/ScrumdingerApp";
			};
			name = Release;
		};
		5BD1E7B6275D9AF10094FD93 /* Debug */ = {
			isa = XCBuildConfiguration;
			buildSettings = {
				ALWAYS_EMBED_SWIFT_STANDARD_LIBRARIES = YES;
				CODE_SIGN_STYLE = Automatic;
				CURRENT_PROJECT_VERSION = 1;
				GENERATE_INFOPLIST_FILE = YES;
				LD_RUNPATH_SEARCH_PATHS = (
					"$(inherited)",
					"@executable_path/Frameworks",
					"@loader_path/Frameworks",
				);
				MARKETING_VERSION = 1.0;
				PRODUCT_BUNDLE_IDENTIFIER = com.example.ScrumdingerAppUITests;
				PRODUCT_NAME = "$(TARGET_NAME)";
				SWIFT_EMIT_LOC_STRINGS = NO;
				SWIFT_VERSION = 5.0;
				TARGETED_DEVICE_FAMILY = "1,2";
				TEST_TARGET_NAME = ScrumdingerApp;
			};
			name = Debug;
		};
		5BD1E7B7275D9AF10094FD93 /* Release */ = {
			isa = XCBuildConfiguration;
			buildSettings = {
				ALWAYS_EMBED_SWIFT_STANDARD_LIBRARIES = YES;
				CODE_SIGN_STYLE = Automatic;
				CURRENT_PROJECT_VERSION = 1;
				GENERATE_INFOPLIST_FILE = YES;
				LD_RUNPATH_SEARCH_PATHS = (
					"$(inherited)",
					"@executable_path/Frameworks",
					"@loader_path/Frameworks",
				);
				MARKETING_VERSION = 1.0;
				PRODUCT_BUNDLE_IDENTIFIER = com.example.ScrumdingerAppUITests;
				PRODUCT_NAME = "$(TARGET_NAME)";
				SWIFT_EMIT_LOC_STRINGS = NO;
				SWIFT_VERSION = 5.0;
				TARGETED_DEVICE_FAMILY = "1,2";
				TEST_TARGET_NAME = ScrumdingerApp;
			};
			name = Release;
		};
/* End XCBuildConfiguration section */

/* Begin XCConfigurationList section */
		5BD1E786275D9AEE0094FD93 /* Build configuration list for PBXProject "ScrumdingerApp" */ = {
			isa = XCConfigurationList;
			buildConfigurations = (
				5BD1E7AD275D9AF10094FD93 /* Debug */,
				5BD1E7AE275D9AF10094FD93 /* Release */,
			);
			defaultConfigurationIsVisible = 0;
			defaultConfigurationName = Release;
		};
		5BD1E7AF275D9AF10094FD93 /* Build configuration list for PBXNativeTarget "ScrumdingerApp" */ = {
			isa = XCConfigurationList;
			buildConfigurations = (
				5BD1E7B0275D9AF10094FD93 /* Debug */,
				5BD1E7B1275D9AF10094FD93 /* Release */,
			);
			defaultConfigurationIsVisible = 0;
			defaultConfigurationName = Release;
		};
		5BD1E7B2275D9AF10094FD93 /* Build configuration list for PBXNativeTarget "ScrumdingerAppTests" */ = {
			isa = XCConfigurationList;
			buildConfigurations = (
				5BD1E7B3275D9AF10094FD93 /* Debug */,
				5BD1E7B4275D9AF10094FD93 /* Release */,
			);
			defaultConfigurationIsVisible = 0;
			defaultConfigurationName = Release;
		};
		5BD1E7B5275D9AF10094FD93 /* Build configuration list for PBXNativeTarget "ScrumdingerAppUITests" */ = {
			isa = XCConfigurationList;
			buildConfigurations = (
				5BD1E7B6275D9AF10094FD93 /* Debug */,
				5BD1E7B7275D9AF10094FD93 /* Release */,
			);
			defaultConfigurationIsVisible = 0;
			defaultConfigurationName = Release;
		};
/* End XCConfigurationList section */
	};
	rootObject = 5BD1E783275D9AEE0094FD93 /* Project object */;
}
